lockfileVersion: '9.0'

settings:
  autoInstallPeers: true
  excludeLinksFromLockfile: false

importers:

  .:
    devDependencies:
      '@biomejs/biome':
        specifier: ^2.5.13
        version: 2.5.13
      husky:
        specifier: ^9.1.7
        version: 9.1.7
      lint-staged:
        specifier: ^17.5.1
        version: 17.5.1
      rumdl:
        specifier: ^0.2.73
        version: 0.2.73

packages:

  '@biomejs/biome@2.5.13':
    resolution: {integrity: sha512-+SEC/mFk1a+5mvUANZgbZTaiZXs1nj4iMhL/PHiqDT5TPUEPFIlliEtkKKZB4N862yylHC3UI+/Sj2I0HJEqhA==}
    engines: {node: '>=14.21.3'}
    hasBin: true

  '@biomejs/cli-darwin-arm64@2.5.13':
    resolution: {integrity: sha512-nYSuDJ6zgVqZUkAkJkvhXxsF2PYIrUk/g638K4voCXz7foI9f7b6C2/7+oAihsHQlivZNMUrm/y8ywlcHQtZOw==}
    engines: {node: '>=14.21.3'}
    cpu: [arm64]
    os: [darwin]

  '@biomejs/cli-darwin-x64@2.5.13':
    resolution: {integrity: sha512-KVy1ceEDuJ3AzFxjT9kkxbVy+UANw1pjEMUS6lvKfxjJ+fmkRvc7sQn1Xo6ETgseEI7wUQoV03KSga3XfE8YRQ==}
    engines: {node: '>=14.21.3'}
    cpu: [x64]
    os: [darwin]

  '@biomejs/cli-linux-arm64-musl@2.5.13':
    resolution: {integrity: sha512-CH32xpep3dNS5EVJpAHlYchkBYznxyVZQrx0b6YYYlPL9u9ZeD2NtqiK/6s64+HFS2a7hGnryLlqqZAOh8ax5g==}
    engines: {node: '>=14.21.3'}
    cpu: [arm64]
    os: [linux]
    libc: [musl]

  '@biomejs/cli-linux-arm64@2.5.13':
    resolution: {integrity: sha512-VlNMtoxOqs0dUR6drxxHr18SNUvI7xxAuHZlH4s/dstYSf3g6RaqVgo8JRnhcOhKz9afWrvtJTboNG1JuYlIDQ==}
    engines: {node: '>=14.21.3'}
    cpu: [arm64]
    os: [linux]
    libc: [glibc]

  '@biomejs/cli-linux-x64-musl@2.5.13':
    resolution: {integrity: sha512-F3pmwl+VHoUuVJN/tbNLKeLt0SVK3EIyN1jXlMcNyQGYRQQTVqXF+GgkP0/CjGXFN87e/mv0sBfUnWqWza5PKQ==}
    engines: {node: '>=14.21.3'}
    cpu: [x64]
    os: [linux]
    libc: [musl]

  '@biomejs/cli-linux-x64@2.5.13':
    resolution: {integrity: sha512-Fi6gIxbUaJ3ZCIXeG3ggIBPF76O2DjDN67WrPX/ODRv54GeXPm2gbEPC96Yb0yrJoiH0Eax1JLx1Pi0XbsNFZQ==}
    engines: {node: '>=14.21.3'}
    cpu: [x64]
    os: [linux]
    libc: [glibc]

  '@biomejs/cli-win32-arm64@2.5.13':
    resolution: {integrity: sha512-+WD13qshXrr0Icv4BfsAdzm8Fs3TL+nZ59zEQxsYNd8lcgZJ0A5+OrlwsL1PipVCmWeRpxgIPD6DAcEd7smkCQ==}
    engines: {node: '>=14.21.3'}
    cpu: [arm64]
    os: [win32]

  '@biomejs/cli-win32-x64@2.5.13':
    resolution: {integrity: sha512-VOofU/nW761XWzUeUNE8zzYNyPrxuMuNFMizL0qz7J75yeV8N7WFheUlk1/K6dOkaFpH9wJ+lDKlwjAbw0346w==}
    engines: {node: '>=14.21.3'}
    cpu: [x64]
    os: [win32]

  '@rumdl/cli-darwin-arm64@0.2.73':
    resolution: {integrity: sha512-53Poo5zNV5U0eCGLXRwZxF5FK0NtddaLZOuY6RFGv72766Wa/e7qa3P4ER1arhuPynMmr0c/KXv3Ms4wH/FinA==}
    engines: {node: '>=18.0.0'}
    cpu: [arm64]
    os: [darwin]

  '@rumdl/cli-darwin-x64@0.2.73':
    resolution: {integrity: sha512-VpECqgO4qNWAiwBlCuH/L9VEDA9vudb+vfAx4RLundT5qH+lywU0Laaf2UVIW1B/cptnk/CC/Ftop1q5XvsuTQ==}
    engines: {node: '>=18.0.0'}
    cpu: [x64]
    os: [darwin]

  '@rumdl/cli-linux-arm64-musl@0.2.73':
    resolution: {integrity: sha512-A01TzonllHxXBlzM16PaLv17/Xgq5t2Z9SxxF9gXDD/OB2QJ5ihrAZdwVnfo1EMlP+0KpvyWvdowYfTpureDFw==}
    engines: {node: '>=18.0.0'}
    cpu: [arm64]
    os: [linux]
    libc: [musl]

  '@rumdl/cli-linux-arm64@0.2.73':
    resolution: {integrity: sha512-dFPkNv/tI/JdHIO/AO6pEJdvX7X/RxS+kLzxyGqLX9ie+R9nZTa7GKyjliqdEOJDB1cS2u7SGRbmMJiWFFID1w==}
    engines: {node: '>=18.0.0'}
    cpu: [arm64]
    os: [linux]
    libc: [glibc]

  '@rumdl/cli-linux-x64-musl@0.2.73':
    resolution: {integrity: sha512-habFhDbGoKA+o+MBMYAveKNGuMmr2AsrFt3U9ihb6HuX7pkwcGgevWspByzaI/2d2Egg5nuAIdgKRiNNYwx3xQ==}
    engines: {node: '>=18.0.0'}
    cpu: [x64]
    os: [linux]
    libc: [musl]

  '@rumdl/cli-linux-x64@0.2.73':
    resolution: {integrity: sha512-UoLw6DAhMnFq/w+XJXoaNLC5GTxnHuNN6tXwOeWEb9cNwLk3NweDI2oJ4jTpApr7Yq56aWwl17cGXGk5/EmO1w==}
    engines: {node: '>=18.0.0'}
    cpu: [x64]
    os: [linux]
    libc: [glibc]

  '@rumdl/cli-win32-x64@0.2.73':
    resolution: {integrity: sha512-gDgHNL2I9im239KEoEEvAKERI5cITwXqPbyt2uqW8vAczIYxYaJpj/4NNKwLo/LbdoYSo16wKvgocgOoeSUGEQ==}
    engines: {node: '>=18.0.0'}
    cpu: [x64]
    os: [win32]

  husky@9.1.7:
    resolution: {integrity: sha512-5gs5ytaNjBrh5Ow3zrvdUUY+0VxIuWVL4i9irt6friV+BqdCfmV11CQTWMiBYWHbXhco+J1kHfTOUkePhCDvMA==}
    engines: {node: '>=18'}
    hasBin: true

  lint-staged@17.5.1:
    resolution: {integrity: sha512-7EDuco1xnBMeVpvAbeMq1U5KXwJGLmY8q6l+Ye78r36C4mPc+Vg1Z2SK8gHyRTyvPro90A0q5/FAZ+Au23d6QQ==}
    engines: {node: '>=22.22.1'}
    hasBin: true

  picomatch@4.0.7:
    resolution: {integrity: sha512-qcJu88Q2IWqJsDD529JKMdwGm/dvInW4HvQnRwiH9JtihJvzGOscDtHE3x1pBKeUOTysQ8kVmLnJ2kJu7yhcGA==}
    engines: {node: '>=12'}

  rumdl@0.2.73:
    resolution: {integrity: sha512-zqqdkNwzRawKM6pfkvUZiODWcJiCnkh/3o1+KQJSmnB7xJa/fyYg497FBCfczGmNKp78N5dSzSCtVXY+bJFvIg==}
    engines: {node: '>=18.0.0'}
    hasBin: true

  string-argv@0.3.2:
    resolution: {integrity: sha512-aqD2Q0144Z+/RqG52NeHEkZauTAUWJO8c6yTftGJKO3Tja5tUgIfmIl6kExvhtxSDP7fXB6DvzkfMpCd/F3G+Q==}
    engines: {node: '>=0.6.19'}

  tinyexec@1.3.1:
    resolution: {integrity: sha512-GCvB3aoys96IuDFBMcTB46JOR6mdMtAToqwiW8JlWhsoh1mhHi/xn9ss/Dg7N555GiJyEt2qzoG/NHCwM6h1EA==}
    engines: {node: '>=18'}

  yaml@2.9.1:
    resolution: {integrity: sha512-3NxN8+78OdzbT7C/WjGsyfPAtJaN3FNDsWxv7Y7mcDsT/oOmgW8BpyQQFFBnvZE3j9Y2Sdz1ULFLezL7Eb2yFw==}
    engines: {node: '>= 14.6'}
    hasBin: true

snapshots:

  '@biomejs/biome@2.5.13':
    optionalDependencies:
      '@biomejs/cli-darwin-arm64': 2.5.13
      '@biomejs/cli-darwin-x64': 2.5.13
      '@biomejs/cli-linux-arm64': 2.5.13
      '@biomejs/cli-linux-arm64-musl': 2.5.13
      '@biomejs/cli-linux-x64': 2.5.13
      '@biomejs/cli-linux-x64-musl': 2.5.13
      '@biomejs/cli-win32-arm64': 2.5.13
      '@biomejs/cli-win32-x64': 2.5.13

  '@biomejs/cli-darwin-arm64@2.5.13':
    optional: true

  '@biomejs/cli-darwin-x64@2.5.13':
    optional: true

  '@biomejs/cli-linux-arm64-musl@2.5.13':
    optional: true

  '@biomejs/cli-linux-arm64@2.5.13':
    optional: true

  '@biomejs/cli-linux-x64-musl@2.5.13':
    optional: true

  '@biomejs/cli-linux-x64@2.5.13':
    optional: true

  '@biomejs/cli-win32-arm64@2.5.13':
    optional: true

  '@biomejs/cli-win32-x64@2.5.13':
    optional: true

  '@rumdl/cli-darwin-arm64@0.2.73':
    optional: true

  '@rumdl/cli-darwin-x64@0.2.73':
    optional: true

  '@rumdl/cli-linux-arm64-musl@0.2.73':
    optional: true

  '@rumdl/cli-linux-arm64@0.2.73':
    optional: true

  '@rumdl/cli-linux-x64-musl@0.2.73':
    optional: true

  '@rumdl/cli-linux-x64@0.2.73':
    optional: true

  '@rumdl/cli-win32-x64@0.2.73':
    optional: true

  husky@9.1.7: {}

  lint-staged@17.5.1:
    dependencies:
      picomatch: 4.0.7
      string-argv: 0.3.2
      tinyexec: 1.3.1
    optionalDependencies:
      yaml: 2.9.1

  picomatch@4.0.7: {}

  rumdl@0.2.73:
    optionalDependencies:
      '@rumdl/cli-darwin-arm64': 0.2.73
      '@rumdl/cli-darwin-x64': 0.2.73
      '@rumdl/cli-linux-arm64': 0.2.73
      '@rumdl/cli-linux-arm64-musl': 0.2.73
      '@rumdl/cli-linux-x64': 0.2.73
      '@rumdl/cli-linux-x64-musl': 0.2.73
      '@rumdl/cli-win32-x64': 0.2.73

  string-argv@0.3.2: {}

  tinyexec@1.3.1: {}

  yaml@2.9.1:
    optional: true
